
Microsoft Visual Studio Solution File, Format Version 12.00
Project("{FAE04EC0-301F-11D3-BF4B-00C04F79EFBC}") = "SearchEngineEfCore", "SearchEngineEfCore\SearchEngineEfCore.csproj", "{C4838511-AD5F-428F-8AE8-3A8FDFD14FDE}"
EndProject
Global
	GlobalSection(SolutionConfigurationPlatforms) = preSolution
		Debug|Any CPU = Debug|Any CPU
		Release|Any CPU = Release|Any CPU
	EndGlobalSection
	GlobalSection(ProjectConfigurationPlatforms) = postSolution
		{C4838511-AD5F-428F-8AE8-3A8FDFD14FDE}.Debug|Any CPU.ActiveCfg = Debug|Any CPU
		{C4838511-AD5F-428F-8AE8-3A8FDFD14FDE}.Debug|Any CPU.Build.0 = Debug|Any CPU
		{C4838511-AD5F-428F-8AE8-3A8FDFD14FDE}.Release|Any CPU.ActiveCfg = Release|Any CPU
		{C4838511-AD5F-428F-8AE8-3A8FDFD14FDE}.Release|Any CPU.Build.0 = Release|Any CPU
	EndGlobalSection
EndGlobal
